dependencies:
- name: kube-prometheus-stack
  repository: https://prometheus-community.github.io/helm-charts
  version: 56.3.0
- name: postgresql
  repository: https://charts.bitnami.com/bitnami
  version: 13.4.3
digest: sha256:86be4936913b437f24e7c8efb155de296cb0cbd5763c003c26cda0f9c76a6440
generated: "2024-01-31T00:13:58.209269+03:30"
